
Microsoft Visual Studio Solution File, Format Version 12.00
# Visual Studio 15
VisualStudioVersion = 15.0.27130.2027
MinimumVisualStudioVersion = 10.0.40219.1
Project("{FAE04EC0-301F-11D3-BF4B-00C04F79EFBC}") = "ConsoleApp1", "ConsoleApp1\ConsoleApp1.csproj", "{4D374D9F-F5D3-4C0C-B770-6D0A0CDB03AE}"
EndProject
Project("{D954291E-2A0B-460D-934E-DC6B0785DB48}") = "SharedNet", "SharedNet\SharedNet.shproj", "{364A1872-D510-4772-9082-EB296A3D93A8}"
EndProject
Project("{FAE04EC0-301F-11D3-BF4B-00C04F79EFBC}") = "serverCLI", "serverCLI\serverCLI.csproj", "{915BEB3F-5686-4EE4-B684-A9DECF47D984}"
EndProject
Project("{FAE04EC0-301F-11D3-BF4B-00C04F79EFBC}") = "client", "client\client.csproj", "{66A82094-7D9B-4774-B16B-32C0D38629DC}"
EndProject
Global
	GlobalSection(SharedMSBuildProjectFiles) = preSolution
		SharedNet\SharedNet.projitems*{364a1872-d510-4772-9082-eb296a3d93a8}*SharedItemsImports = 13
	EndGlobalSection
	GlobalSection(SolutionConfigurationPlatforms) = preSolution
		Debug|Any CPU = Debug|Any CPU
		Release|Any CPU = Release|Any CPU
	EndGlobalSection
	GlobalSection(ProjectConfigurationPlatforms) = postSolution
		{4D374D9F-F5D3-4C0C-B770-6D0A0CDB03AE}.Debug|Any CPU.ActiveCfg = Debug|Any CPU
		{4D374D9F-F5D3-4C0C-B770-6D0A0CDB03AE}.Debug|Any CPU.Build.0 = Debug|Any CPU
		{4D374D9F-F5D3-4C0C-B770-6D0A0CDB03AE}.Release|Any CPU.ActiveCfg = Release|Any CPU
		{4D374D9F-F5D3-4C0C-B770-6D0A0CDB03AE}.Release|Any CPU.Build.0 = Release|Any CPU
		{915BEB3F-5686-4EE4-B684-A9DECF47D984}.Debug|Any CPU.ActiveCfg = Debug|Any CPU
		{915BEB3F-5686-4EE4-B684-A9DECF47D984}.Debug|Any CPU.Build.0 = Debug|Any CPU
		{915BEB3F-5686-4EE4-B684-A9DECF47D984}.Release|Any CPU.ActiveCfg = Release|Any CPU
		{915BEB3F-5686-4EE4-B684-A9DECF47D984}.Release|Any CPU.Build.0 = Release|Any CPU
		{66A82094-7D9B-4774-B16B-32C0D38629DC}.Debug|Any CPU.ActiveCfg = Debug|Any CPU
		{66A82094-7D9B-4774-B16B-32C0D38629DC}.Debug|Any CPU.Build.0 = Debug|Any CPU
		{66A82094-7D9B-4774-B16B-32C0D38629DC}.Release|Any CPU.ActiveCfg = Release|Any CPU
		{66A82094-7D9B-4774-B16B-32C0D38629DC}.Release|Any CPU.Build.0 = Release|Any CPU
	EndGlobalSection
	GlobalSection(SolutionProperties) = preSolution
		HideSolutionNode = FALSE
	EndGlobalSection
	GlobalSection(ExtensibilityGlobals) = postSolution
		SolutionGuid = {BBD25642-C7CC-4002-8ADD-E820415AFF5C}
	EndGlobalSection
EndGlobal
